
Microsoft Visual Studio Solution File, Format Version 12.00
# Visual Studio Version 16
VisualStudioVersion = 16.0.30114.105
MinimumVisualStudioVersion = 10.0.40219.1
Project("{FAE04EC0-301F-11D3-BF4B-00C04F79EFBC}") = "Todo.Domain", "todo.domain\Todo.Domain.csproj", "{6CBA09D4-620F-4CEE-80F3-4A14AFC0F17A}"
EndProject
Project("{FAE04EC0-301F-11D3-BF4B-00C04F79EFBC}") = "Todo.Domain.Api", "todo.domain.api\Todo.Domain.Api.csproj", "{3ED4B913-EE64-447D-B377-76CA0F7AB16C}"
EndProject
Project("{FAE04EC0-301F-11D3-BF4B-00C04F79EFBC}") = "todo.domain.infra", "todo.domain.infra\todo.domain.infra.csproj", "{EDD4041C-3B83-4656-8AAF-D4526BDF4192}"
EndProject
Project("{FAE04EC0-301F-11D3-BF4B-00C04F79EFBC}") = "todo.domain.tests", "todo.domain.tests\todo.domain.tests.csproj", "{812A1325-CCE5-44BC-A359-8D11890F9845}"
EndProject
Global
	GlobalSection(SolutionConfigurationPlatforms) = preSolution
		Debug|Any CPU = Debug|Any CPU
		Debug|x64 = Debug|x64
		Debug|x86 = Debug|x86
		Release|Any CPU = Release|Any CPU
		Release|x64 = Release|x64
		Release|x86 = Release|x86
	EndGlobalSection
	GlobalSection(SolutionProperties) = preSolution
		HideSolutionNode = FALSE
	EndGlobalSection
	GlobalSection(ProjectConfigurationPlatforms) = postSolution
		{6CBA09D4-620F-4CEE-80F3-4A14AFC0F17A}.Debug|Any CPU.ActiveCfg = Debug|Any CPU
		{6CBA09D4-620F-4CEE-80F3-4A14AFC0F17A}.Debug|Any CPU.Build.0 = Debug|Any CPU
		{6CBA09D4-620F-4CEE-80F3-4A14AFC0F17A}.Debug|x64.ActiveCfg = Debug|Any CPU
		{6CBA09D4-620F-4CEE-80F3-4A14AFC0F17A}.Debug|x64.Build.0 = Debug|Any CPU
		{6CBA09D4-620F-4CEE-80F3-4A14AFC0F17A}.Debug|x86.ActiveCfg = Debug|Any CPU
		{6CBA09D4-620F-4CEE-80F3-4A14AFC0F17A}.Debug|x86.Build.0 = Debug|Any CPU
		{6CBA09D4-620F-4CEE-80F3-4A14AFC0F17A}.Release|Any CPU.ActiveCfg = Release|Any CPU
		{6CBA09D4-620F-4CEE-80F3-4A14AFC0F17A}.Release|Any CPU.Build.0 = Release|Any CPU
		{6CBA09D4-620F-4CEE-80F3-4A14AFC0F17A}.Release|x64.ActiveCfg = Release|Any CPU
		{6CBA09D4-620F-4CEE-80F3-4A14AFC0F17A}.Release|x64.Build.0 = Release|Any CPU
		{6CBA09D4-620F-4CEE-80F3-4A14AFC0F17A}.Release|x86.ActiveCfg = Release|Any CPU
		{6CBA09D4-620F-4CEE-80F3-4A14AFC0F17A}.Release|x86.Build.0 = Release|Any CPU
		{3ED4B913-EE64-447D-B377-76CA0F7AB16C}.Debug|Any CPU.ActiveCfg = Debug|Any CPU
		{3ED4B913-EE64-447D-B377-76CA0F7AB16C}.Debug|Any CPU.Build.0 = Debug|Any CPU
		{3ED4B913-EE64-447D-B377-76CA0F7AB16C}.Debug|x64.ActiveCfg = Debug|Any CPU
		{3ED4B913-EE64-447D-B377-76CA0F7AB16C}.Debug|x64.Build.0 = Debug|Any CPU
		{3ED4B913-EE64-447D-B377-76CA0F7AB16C}.Debug|x86.ActiveCfg = Debug|Any CPU
		{3ED4B913-EE64-447D-B377-76CA0F7AB16C}.Debug|x86.Build.0 = Debug|Any CPU
		{3ED4B913-EE64-447D-B377-76CA0F7AB16C}.Release|Any CPU.ActiveCfg = Release|Any CPU
		{3ED4B913-EE64-447D-B377-76CA0F7AB16C}.Release|Any CPU.Build.0 = Release|Any CPU
		{3ED4B913-EE64-447D-B377-76CA0F7AB16C}.Release|x64.ActiveCfg = Release|Any CPU
		{3ED4B913-EE64-447D-B377-76CA0F7AB16C}.Release|x64.Build.0 = Release|Any CPU
		{3ED4B913-EE64-447D-B377-76CA0F7AB16C}.Release|x86.ActiveCfg = Release|Any CPU
		{3ED4B913-EE64-447D-B377-76CA0F7AB16C}.Release|x86.Build.0 = Release|Any CPU
		{EDD4041C-3B83-4656-8AAF-D4526BDF4192}.Debug|Any CPU.ActiveCfg = Debug|Any CPU
		{EDD4041C-3B83-4656-8AAF-D4526BDF4192}.Debug|Any CPU.Build.0 = Debug|Any CPU
		{EDD4041C-3B83-4656-8AAF-D4526BDF4192}.Debug|x64.ActiveCfg = Debug|Any CPU
		{EDD4041C-3B83-4656-8AAF-D4526BDF4192}.Debug|x64.Build.0 = Debug|Any CPU
		{EDD4041C-3B83-4656-8AAF-D4526BDF4192}.Debug|x86.ActiveCfg = Debug|Any CPU
		{EDD4041C-3B83-4656-8AAF-D4526BDF4192}.Debug|x86.Build.0 = Debug|Any CPU
		{EDD4041C-3B83-4656-8AAF-D4526BDF4192}.Release|Any CPU.ActiveCfg = Release|Any CPU
		{EDD4041C-3B83-4656-8AAF-D4526BDF4192}.Release|Any CPU.Build.0 = Release|Any CPU
		{EDD4041C-3B83-4656-8AAF-D4526BDF4192}.Release|x64.ActiveCfg = Release|Any CPU
		{EDD4041C-3B83-4656-8AAF-D4526BDF4192}.Release|x64.Build.0 = Release|Any CPU
		{EDD4041C-3B83-4656-8AAF-D4526BDF4192}.Release|x86.ActiveCfg = Release|Any CPU
		{EDD4041C-3B83-4656-8AAF-D4526BDF4192}.Release|x86.Build.0 = Release|Any CPU
		{812A1325-CCE5-44BC-A359-8D11890F9845}.Debug|Any CPU.ActiveCfg = Debug|Any CPU
		{812A1325-CCE5-44BC-A359-8D11890F9845}.Debug|Any CPU.Build.0 = Debug|Any CPU
		{812A1325-CCE5-44BC-A359-8D11890F9845}.Debug|x64.ActiveCfg = Debug|Any CPU
		{812A1325-CCE5-44BC-A359-8D11890F9845}.Debug|x64.Build.0 = Debug|Any CPU
		{812A1325-CCE5-44BC-A359-8D11890F9845}.Debug|x86.ActiveCfg = Debug|Any CPU
		{812A1325-CCE5-44BC-A359-8D11890F9845}.Debug|x86.Build.0 = Debug|Any CPU
		{812A1325-CCE5-44BC-A359-8D11890F9845}.Release|Any CPU.ActiveCfg = Release|Any CPU
		{812A1325-CCE5-44BC-A359-8D11890F9845}.Release|Any CPU.Build.0 = Release|Any CPU
		{812A1325-CCE5-44BC-A359-8D11890F9845}.Release|x64.ActiveCfg = Release|Any CPU
		{812A1325-CCE5-44BC-A359-8D11890F9845}.Release|x64.Build.0 = Release|Any CPU
		{812A1325-CCE5-44BC-A359-8D11890F9845}.Release|x86.ActiveCfg = Release|Any CPU
		{812A1325-CCE5-44BC-A359-8D11890F9845}.Release|x86.Build.0 = Release|Any CPU
	EndGlobalSection
EndGlobal
